
Microsoft Visual Studio Solution File, Format Version 12.00
# Visual Studio Version 17
VisualStudioVersion = 17.0.31903.59
MinimumVisualStudioVersion = 10.0.40219.1
Project("{FAE04EC0-301F-11D3-BF4B-00C04F79EFBC}") = "TripCore.Domain", "TripCore.Domain\TripCore.Domain.csproj", "{4B517135-4C26-4446-BE68-D6DD705DB0A6}"
EndProject
Project("{FAE04EC0-301F-11D3-BF4B-00C04F79EFBC}") = "TripCore.Application", "TripCore.Application\TripCore.Application.csproj", "{50353C7A-5023-467D-9D51-DFAF3A965B38}"
EndProject
Project("{FAE04EC0-301F-11D3-BF4B-00C04F79EFBC}") = "TripCore.Infrastructure", "TripCore.Infrastructure\TripCore.Infrastructure.csproj", "{60D34AEA-409F-4E95-BF18-C8CD8D72D889}"
EndProject
Project("{FAE04EC0-301F-11D3-BF4B-00C04F79EFBC}") = "TripCore.Api", "TripCore.Api\TripCore.Api.csproj", "{C47AA815-B52E-4CF3-9CF4-16A22BC1703C}"
EndProject
Global
	GlobalSection(SolutionConfigurationPlatforms) = preSolution
		Debug|Any CPU = Debug|Any CPU
		Debug|x64 = Debug|x64
		Debug|x86 = Debug|x86
		Release|Any CPU = Release|Any CPU
		Release|x64 = Release|x64
		Release|x86 = Release|x86
	EndGlobalSection
	GlobalSection(ProjectConfigurationPlatforms) = postSolution
		{4B517135-4C26-4446-BE68-D6DD705DB0A6}.Debug|Any CPU.ActiveCfg = Debug|Any CPU
		{4B517135-4C26-4446-BE68-D6DD705DB0A6}.Debug|Any CPU.Build.0 = Debug|Any CPU
		{4B517135-4C26-4446-BE68-D6DD705DB0A6}.Debug|x64.ActiveCfg = Debug|Any CPU
		{4B517135-4C26-4446-BE68-D6DD705DB0A6}.Debug|x64.Build.0 = Debug|Any CPU
		{4B517135-4C26-4446-BE68-D6DD705DB0A6}.Debug|x86.ActiveCfg = Debug|Any CPU
		{4B517135-4C26-4446-BE68-D6DD705DB0A6}.Debug|x86.Build.0 = Debug|Any CPU
		{4B517135-4C26-4446-BE68-D6DD705DB0A6}.Release|Any CPU.ActiveCfg = Release|Any CPU
		{4B517135-4C26-4446-BE68-D6DD705DB0A6}.Release|Any CPU.Build.0 = Release|Any CPU
		{4B517135-4C26-4446-BE68-D6DD705DB0A6}.Release|x64.ActiveCfg = Release|Any CPU
		{4B517135-4C26-4446-BE68-D6DD705DB0A6}.Release|x64.Build.0 = Release|Any CPU
		{4B517135-4C26-4446-BE68-D6DD705DB0A6}.Release|x86.ActiveCfg = Release|Any CPU
		{4B517135-4C26-4446-BE68-D6DD705DB0A6}.Release|x86.Build.0 = Release|Any CPU
		{50353C7A-5023-467D-9D51-DFAF3A965B38}.Debug|Any CPU.ActiveCfg = Debug|Any CPU
		{50353C7A-5023-467D-9D51-DFAF3A965B38}.Debug|Any CPU.Build.0 = Debug|Any CPU
		{50353C7A-5023-467D-9D51-DFAF3A965B38}.Debug|x64.ActiveCfg = Debug|Any CPU
		{50353C7A-5023-467D-9D51-DFAF3A965B38}.Debug|x64.Build.0 = Debug|Any CPU
		{50353C7A-5023-467D-9D51-DFAF3A965B38}.Debug|x86.ActiveCfg = Debug|Any CPU
		{50353C7A-5023-467D-9D51-DFAF3A965B38}.Debug|x86.Build.0 = Debug|Any CPU
		{50353C7A-5023-467D-9D51-DFAF3A965B38}.Release|Any CPU.ActiveCfg = Release|Any CPU
		{50353C7A-5023-467D-9D51-DFAF3A965B38}.Release|Any CPU.Build.0 = Release|Any CPU
		{50353C7A-5023-467D-9D51-DFAF3A965B38}.Release|x64.ActiveCfg = Release|Any CPU
		{50353C7A-5023-467D-9D51-DFAF3A965B38}.Release|x64.Build.0 = Release|Any CPU
		{50353C7A-5023-467D-9D51-DFAF3A965B38}.Release|x86.ActiveCfg = Release|Any CPU
		{50353C7A-5023-467D-9D51-DFAF3A965B38}.Release|x86.Build.0 = Release|Any CPU
		{60D34AEA-409F-4E95-BF18-C8CD8D72D889}.Debug|Any CPU.ActiveCfg = Debug|Any CPU
		{60D34AEA-409F-4E95-BF18-C8CD8D72D889}.Debug|Any CPU.Build.0 = Debug|Any CPU
		{60D34AEA-409F-4E95-BF18-C8CD8D72D889}.Debug|x64.ActiveCfg = Debug|Any CPU
		{60D34AEA-409F-4E95-BF18-C8CD8D72D889}.Debug|x64.Build.0 = Debug|Any CPU
		{60D34AEA-409F-4E95-BF18-C8CD8D72D889}.Debug|x86.ActiveCfg = Debug|Any CPU
		{60D34AEA-409F-4E95-BF18-C8CD8D72D889}.Debug|x86.Build.0 = Debug|Any CPU
		{60D34AEA-409F-4E95-BF18-C8CD8D72D889}.Release|Any CPU.ActiveCfg = Release|Any CPU
		{60D34AEA-409F-4E95-BF18-C8CD8D72D889}.Release|Any CPU.Build.0 = Release|Any CPU
		{60D34AEA-409F-4E95-BF18-C8CD8D72D889}.Release|x64.ActiveCfg = Release|Any CPU
		{60D34AEA-409F-4E95-BF18-C8CD8D72D889}.Release|x64.Build.0 = Release|Any CPU
		{60D34AEA-409F-4E95-BF18-C8CD8D72D889}.Release|x86.ActiveCfg = Release|Any CPU
		{60D34AEA-409F-4E95-BF18-C8CD8D72D889}.Release|x86.Build.0 = Release|Any CPU
		{C47AA815-B52E-4CF3-9CF4-16A22BC1703C}.Debug|Any CPU.ActiveCfg = Debug|Any CPU
		{C47AA815-B52E-4CF3-9CF4-16A22BC1703C}.Debug|Any CPU.Build.0 = Debug|Any CPU
		{C47AA815-B52E-4CF3-9CF4-16A22BC1703C}.Debug|x64.ActiveCfg = Debug|Any CPU
		{C47AA815-B52E-4CF3-9CF4-16A22BC1703C}.Debug|x64.Build.0 = Debug|Any CPU
		{C47AA815-B52E-4CF3-9CF4-16A22BC1703C}.Debug|x86.ActiveCfg = Debug|Any CPU
		{C47AA815-B52E-4CF3-9CF4-16A22BC1703C}.Debug|x86.Build.0 = Debug|Any CPU
		{C47AA815-B52E-4CF3-9CF4-16A22BC1703C}.Release|Any CPU.ActiveCfg = Release|Any CPU
		{C47AA815-B52E-4CF3-9CF4-16A22BC1703C}.Release|Any CPU.Build.0 = Release|Any CPU
		{C47AA815-B52E-4CF3-9CF4-16A22BC1703C}.Release|x64.ActiveCfg = Release|Any CPU
		{C47AA815-B52E-4CF3-9CF4-16A22BC1703C}.Release|x64.Build.0 = Release|Any CPU
		{C47AA815-B52E-4CF3-9CF4-16A22BC1703C}.Release|x86.ActiveCfg = Release|Any CPU
		{C47AA815-B52E-4CF3-9CF4-16A22BC1703C}.Release|x86.Build.0 = Release|Any CPU
	EndGlobalSection
	GlobalSection(SolutionProperties) = preSolution
		HideSolutionNode = FALSE
	EndGlobalSection
EndGlobal
